
Microsoft Visual Studio Solution File, Format Version 12.00
# Visual Studio 15
VisualStudioVersion = 15.0.27703.2047
MinimumVisualStudioVersion = 10.0.40219.1
Project("{FAE04EC0-301F-11D3-BF4B-00C04F79EFBC}") = "Modelo", "Taller2ProyIntegrador\Modelo.csproj", "{949AA7E3-5386-48BB-A291-58413A96E4CC}"
EndProject
Global
	GlobalSection(SolutionConfigurationPlatforms) = preSolution
		Debug|Any CPU = Debug|Any CPU
		Release|Any CPU = Release|Any CPU
	EndGlobalSection
	GlobalSection(ProjectConfigurationPlatforms) = postSolution
		{949AA7E3-5386-48BB-A291-58413A96E4CC}.Debug|Any CPU.ActiveCfg = Debug|Any CPU
		{949AA7E3-5386-48BB-A291-58413A96E4CC}.Debug|Any CPU.Build.0 = Debug|Any CPU
		{949AA7E3-5386-48BB-A291-58413A96E4CC}.Release|Any CPU.ActiveCfg = Release|Any CPU
		{949AA7E3-5386-48BB-A291-58413A96E4CC}.Release|Any CPU.Build.0 = Release|Any CPU
	EndGlobalSection
	GlobalSection(SolutionProperties) = preSolution
		HideSolutionNode = FALSE
	EndGlobalSection
	GlobalSection(ExtensibilityGlobals) = postSolution
		SolutionGuid = {B9320044-451D-4E96-A994-BE6BB4D1872D}
	EndGlobalSection
EndGlobal
